
Microsoft Visual Studio Solution File, Format Version 12.00
# Visual Studio Version 17
VisualStudioVersion = 17.14.36915.13 d17.14
MinimumVisualStudioVersion = 10.0.40219.1
Project("{8BC9CEB8-8B4A-11D0-8D11-00A0C91BC942}") = "Genetic_algorithm_cuda", "Genetic_algorithm_cuda.vcxproj", "{9D8AB0F2-532F-7965-046C-6B7D07171C7F}"
EndProject
Global
	GlobalSection(SolutionConfigurationPlatforms) = preSolution
		Debug|x64 = Debug|x64
		Release|x64 = Release|x64
	EndGlobalSection
	GlobalSection(ProjectConfigurationPlatforms) = postSolution
		{9D8AB0F2-532F-7965-046C-6B7D07171C7F}.Debug|x64.ActiveCfg = Debug|x64
		{9D8AB0F2-532F-7965-046C-6B7D07171C7F}.Debug|x64.Build.0 = Debug|x64
		{9D8AB0F2-532F-7965-046C-6B7D07171C7F}.Release|x64.ActiveCfg = Release|x64
		{9D8AB0F2-532F-7965-046C-6B7D07171C7F}.Release|x64.Build.0 = Release|x64
	EndGlobalSection
	GlobalSection(SolutionProperties) = preSolution
		HideSolutionNode = FALSE
	EndGlobalSection
	GlobalSection(ExtensibilityGlobals) = postSolution
		SolutionGuid = {1C8F4985-9CAF-4C09-8C18-1A1CECF4FA2F}
	EndGlobalSection
EndGlobal
